# This file was autogenerated by Stack.
# You should not edit this file by hand.
# For more information, please see the documentation at:
#   https://docs.haskellstack.org/en/stable/topics/lock_files

packages:
- completed:
    hackage: streamly-0.10.1@sha256:c0cdf0c1e57d8011bd585a0e571b3f92fb10f31458cdc8d466128c24b18af74a,20978
    pantry-tree:
      sha256: 1c89aaa86c7a2a2be28c32eb875c2e0024a22e2c1a15b52a5b2c981abcfb4929
      size: 22901
  original:
    hackage: streamly-0.10.1@sha256:c0cdf0c1e57d8011bd585a0e571b3f92fb10f31458cdc8d466128c24b18af74a,20978
- completed:
    hackage: haskell-dap-0.0.16.0@sha256:5ee4fba7ce1b8220f486a5251a941e6cd739ab2330e8f25efc5af553a4e1c61d,944
    pantry-tree:
      sha256: a757fbe6b8d1ca75a46cc9546d5bfaa903531f312e4266b7b24c62427a792c21
      size: 315
  original:
    hackage: haskell-dap-0.0.16.0@sha256:5ee4fba7ce1b8220f486a5251a941e6cd739ab2330e8f25efc5af553a4e1c61d,944
- completed:
    commit: 9fa3c8b258c05d388a0cbb4e69c639bd9fddfdbb
    git: https://github.com/bjpop/language-python.git
    name: language-python
    pantry-tree:
      sha256: 8df4a93a55558bfd11588d66101100407f311811f8ce237ec916476c826608a2
      size: 2432
    subdir: language-python
    version: 0.6.0
  original:
    commit: 9fa3c8b258c05d388a0cbb4e69c639bd9fddfdbb
    git: https://github.com/bjpop/language-python.git
    subdir: language-python
snapshots:
- completed:
    sha256: 1191e70bcd219fb660a5bf5d43a0fb235ef12a891994fd02d02643f61d6755ed
    size: 684285
    url: https://raw.githubusercontent.com/commercialhaskell/stackage-snapshots/master/lts/23/26.yaml
  original:
    url: https://raw.githubusercontent.com/commercialhaskell/stackage-snapshots/master/lts/23/26.yaml
